
Microsoft Visual Studio Solution File, Format Version 12.00
Project("{2150E333-8FDC-42A3-9474-1A3956D46DE8}") = "Client", "Client", "{9131FA38-95BA-4D0D-A172-97AFA1E7BA5E}"
EndProject
Project("{2150E333-8FDC-42A3-9474-1A3956D46DE8}") = "Identity", "Identity", "{3A2F2777-ADF6-49A8-83D5-E81882ECE5A4}"
EndProject
Project("{2150E333-8FDC-42A3-9474-1A3956D46DE8}") = "ToDo", "ToDo", "{AB7F0A3A-AD49-4135-80A1-18A32AAE01A0}"
EndProject
Project("{FAE04EC0-301F-11D3-BF4B-00C04F79EFBC}") = "WebClient", "WebClient\WebClient.csproj", "{81BF7935-F124-4B3C-84CC-159A10C0E615}"
EndProject
Project("{FAE04EC0-301F-11D3-BF4B-00C04F79EFBC}") = "Identity.Api", "Identity.Api\Identity.Api.csproj", "{75957CDF-640A-46B4-ACC4-1338775F3348}"
EndProject
Project("{FAE04EC0-301F-11D3-BF4B-00C04F79EFBC}") = "ToDo.Api", "ToDo.Api\ToDo.Api.csproj", "{5CE3A305-65F8-4D82-A2DE-AACBF30015E3}"
EndProject
Project("{FAE04EC0-301F-11D3-BF4B-00C04F79EFBC}") = "ToDo.BusinessLogic", "ToDo.BusinessLogic\ToDo.BusinessLogic.csproj", "{81AB117F-C004-4A7F-B815-2967D780DA0D}"
EndProject
Project("{FAE04EC0-301F-11D3-BF4B-00C04F79EFBC}") = "ToDo.DataAccess", "ToDo.DataAccess\ToDo.DataAccess.csproj", "{E32AFB8C-688F-4CC7-AB0D-56906B5064CE}"
EndProject
Project("{2150E333-8FDC-42A3-9474-1A3956D46DE8}") = "Mail", "Mail", "{A580A083-4DA0-4ADC-A77B-9283B8A2FA8B}"
EndProject
Project("{FAE04EC0-301F-11D3-BF4B-00C04F79EFBC}") = "Mail.Api", "Mail.Api\Mail.Api.csproj", "{F8C9E644-085D-44CB-A7A4-2BE25DF7D44A}"
EndProject
Project("{2150E333-8FDC-42A3-9474-1A3956D46DE8}") = "Common", "Common", "{0ED6B6F4-D858-4373-9357-4E6DF010D300}"
EndProject
Project("{FAE04EC0-301F-11D3-BF4B-00C04F79EFBC}") = "Common", "Common\Common.csproj", "{07D74AA8-8696-4458-8D28-E9051A85F016}"
EndProject
Project("{FAE04EC0-301F-11D3-BF4B-00C04F79EFBC}") = "Mail.BusinessLogic", "Mail.BusinessLogic\Mail.BusinessLogic.csproj", "{FD6211CC-32EB-44F9-ACDC-DA73AD0E84B8}"
EndProject
Project("{2150E333-8FDC-42A3-9474-1A3956D46DE8}") = "Services", "Services", "{625B06B3-7ABA-41BF-9724-5C88A660DB05}"
EndProject
Project("{2150E333-8FDC-42A3-9474-1A3956D46DE8}") = "Users", "Users", "{780CC98D-33B1-4B7F-952B-02E189339050}"
EndProject
Project("{FAE04EC0-301F-11D3-BF4B-00C04F79EFBC}") = "Users.Api", "Users.Api\Users.Api.csproj", "{DD30F9A6-3C04-4488-9D13-6FEBF47937EF}"
EndProject
Project("{FAE04EC0-301F-11D3-BF4B-00C04F79EFBC}") = "Users.BusinessLogic", "Users.BusinessLogic\Users.BusinessLogic.csproj", "{3314D76B-6F87-4D43-9EE9-DA875DA03A17}"
EndProject
Project("{FAE04EC0-301F-11D3-BF4B-00C04F79EFBC}") = "Users.DataAccess", "Users.DataAccess\Users.DataAccess.csproj", "{658849E1-1830-40FD-B7C1-8F13531CAC37}"
EndProject
Project("{FAE04EC0-301F-11D3-BF4B-00C04F79EFBC}") = "Identity.Core", "Identity.Core\Identity.Core.csproj", "{9FD838BE-0552-4CA8-8587-4B22F9D18343}"
EndProject
Project("{2150E333-8FDC-42A3-9474-1A3956D46DE8}") = "Gateway", "Gateway", "{38ACE60C-D24B-4B0D-AAE4-5A5FF65FC03C}"
EndProject
Project("{FAE04EC0-301F-11D3-BF4B-00C04F79EFBC}") = "Gateway", "Gateway\Gateway.csproj", "{BF7AAAE4-BE84-4D05-A3FE-57E527710425}"
EndProject
Project("{2150E333-8FDC-42A3-9474-1A3956D46DE8}") = "Document", "Document", "{55195CAC-F37D-463B-A683-B138CBF76171}"
EndProject
Project("{FAE04EC0-301F-11D3-BF4B-00C04F79EFBC}") = "Document.Api", "Document.Api\Document.Api.csproj", "{445B97E5-083E-4444-A435-62A22E04C388}"
EndProject
Project("{FAE04EC0-301F-11D3-BF4B-00C04F79EFBC}") = "Document.BusinessLogic", "Document.BusinessLogic\Document.BusinessLogic.csproj", "{000CC8AE-FB1A-43E2-87ED-880CF25151A8}"
EndProject
Project("{FAE04EC0-301F-11D3-BF4B-00C04F79EFBC}") = "Document.DataAccess", "Document.DataAccess\Document.DataAccess.csproj", "{A9177B27-5187-4B73-97D1-98E19C166E41}"
EndProject
Global
	GlobalSection(SolutionConfigurationPlatforms) = preSolution
		Debug|Any CPU = Debug|Any CPU
		Release|Any CPU = Release|Any CPU
	EndGlobalSection
	GlobalSection(NestedProjects) = preSolution
		{81BF7935-F124-4B3C-84CC-159A10C0E615} = {9131FA38-95BA-4D0D-A172-97AFA1E7BA5E}
		{75957CDF-640A-46B4-ACC4-1338775F3348} = {3A2F2777-ADF6-49A8-83D5-E81882ECE5A4}
		{5CE3A305-65F8-4D82-A2DE-AACBF30015E3} = {AB7F0A3A-AD49-4135-80A1-18A32AAE01A0}
		{81AB117F-C004-4A7F-B815-2967D780DA0D} = {AB7F0A3A-AD49-4135-80A1-18A32AAE01A0}
		{E32AFB8C-688F-4CC7-AB0D-56906B5064CE} = {AB7F0A3A-AD49-4135-80A1-18A32AAE01A0}
		{F8C9E644-085D-44CB-A7A4-2BE25DF7D44A} = {A580A083-4DA0-4ADC-A77B-9283B8A2FA8B}
		{07D74AA8-8696-4458-8D28-E9051A85F016} = {0ED6B6F4-D858-4373-9357-4E6DF010D300}
		{FD6211CC-32EB-44F9-ACDC-DA73AD0E84B8} = {A580A083-4DA0-4ADC-A77B-9283B8A2FA8B}
		{3A2F2777-ADF6-49A8-83D5-E81882ECE5A4} = {625B06B3-7ABA-41BF-9724-5C88A660DB05}
		{AB7F0A3A-AD49-4135-80A1-18A32AAE01A0} = {625B06B3-7ABA-41BF-9724-5C88A660DB05}
		{A580A083-4DA0-4ADC-A77B-9283B8A2FA8B} = {625B06B3-7ABA-41BF-9724-5C88A660DB05}
		{780CC98D-33B1-4B7F-952B-02E189339050} = {625B06B3-7ABA-41BF-9724-5C88A660DB05}
		{DD30F9A6-3C04-4488-9D13-6FEBF47937EF} = {780CC98D-33B1-4B7F-952B-02E189339050}
		{3314D76B-6F87-4D43-9EE9-DA875DA03A17} = {780CC98D-33B1-4B7F-952B-02E189339050}
		{658849E1-1830-40FD-B7C1-8F13531CAC37} = {780CC98D-33B1-4B7F-952B-02E189339050}
		{9FD838BE-0552-4CA8-8587-4B22F9D18343} = {3A2F2777-ADF6-49A8-83D5-E81882ECE5A4}
		{BF7AAAE4-BE84-4D05-A3FE-57E527710425} = {38ACE60C-D24B-4B0D-AAE4-5A5FF65FC03C}
		{55195CAC-F37D-463B-A683-B138CBF76171} = {625B06B3-7ABA-41BF-9724-5C88A660DB05}
		{445B97E5-083E-4444-A435-62A22E04C388} = {55195CAC-F37D-463B-A683-B138CBF76171}
		{000CC8AE-FB1A-43E2-87ED-880CF25151A8} = {55195CAC-F37D-463B-A683-B138CBF76171}
		{A9177B27-5187-4B73-97D1-98E19C166E41} = {55195CAC-F37D-463B-A683-B138CBF76171}
	EndGlobalSection
	GlobalSection(ProjectConfigurationPlatforms) = postSolution
		{81BF7935-F124-4B3C-84CC-159A10C0E615}.Debug|Any CPU.ActiveCfg = Debug|Any CPU
		{81BF7935-F124-4B3C-84CC-159A10C0E615}.Debug|Any CPU.Build.0 = Debug|Any CPU
		{81BF7935-F124-4B3C-84CC-159A10C0E615}.Release|Any CPU.ActiveCfg = Release|Any CPU
		{81BF7935-F124-4B3C-84CC-159A10C0E615}.Release|Any CPU.Build.0 = Release|Any CPU
		{75957CDF-640A-46B4-ACC4-1338775F3348}.Debug|Any CPU.ActiveCfg = Debug|Any CPU
		{75957CDF-640A-46B4-ACC4-1338775F3348}.Debug|Any CPU.Build.0 = Debug|Any CPU
		{75957CDF-640A-46B4-ACC4-1338775F3348}.Release|Any CPU.ActiveCfg = Release|Any CPU
		{75957CDF-640A-46B4-ACC4-1338775F3348}.Release|Any CPU.Build.0 = Release|Any CPU
		{5CE3A305-65F8-4D82-A2DE-AACBF30015E3}.Debug|Any CPU.ActiveCfg = Debug|Any CPU
		{5CE3A305-65F8-4D82-A2DE-AACBF30015E3}.Debug|Any CPU.Build.0 = Debug|Any CPU
		{5CE3A305-65F8-4D82-A2DE-AACBF30015E3}.Release|Any CPU.ActiveCfg = Release|Any CPU
		{5CE3A305-65F8-4D82-A2DE-AACBF30015E3}.Release|Any CPU.Build.0 = Release|Any CPU
		{81AB117F-C004-4A7F-B815-2967D780DA0D}.Debug|Any CPU.ActiveCfg = Debug|Any CPU
		{81AB117F-C004-4A7F-B815-2967D780DA0D}.Debug|Any CPU.Build.0 = Debug|Any CPU
		{81AB117F-C004-4A7F-B815-2967D780DA0D}.Release|Any CPU.ActiveCfg = Release|Any CPU
		{81AB117F-C004-4A7F-B815-2967D780DA0D}.Release|Any CPU.Build.0 = Release|Any CPU
		{E32AFB8C-688F-4CC7-AB0D-56906B5064CE}.Debug|Any CPU.ActiveCfg = Debug|Any CPU
		{E32AFB8C-688F-4CC7-AB0D-56906B5064CE}.Debug|Any CPU.Build.0 = Debug|Any CPU
		{E32AFB8C-688F-4CC7-AB0D-56906B5064CE}.Release|Any CPU.ActiveCfg = Release|Any CPU
		{E32AFB8C-688F-4CC7-AB0D-56906B5064CE}.Release|Any CPU.Build.0 = Release|Any CPU
		{F8C9E644-085D-44CB-A7A4-2BE25DF7D44A}.Debug|Any CPU.ActiveCfg = Debug|Any CPU
		{F8C9E644-085D-44CB-A7A4-2BE25DF7D44A}.Debug|Any CPU.Build.0 = Debug|Any CPU
		{F8C9E644-085D-44CB-A7A4-2BE25DF7D44A}.Release|Any CPU.ActiveCfg = Release|Any CPU
		{F8C9E644-085D-44CB-A7A4-2BE25DF7D44A}.Release|Any CPU.Build.0 = Release|Any CPU
		{07D74AA8-8696-4458-8D28-E9051A85F016}.Debug|Any CPU.ActiveCfg = Debug|Any CPU
		{07D74AA8-8696-4458-8D28-E9051A85F016}.Debug|Any CPU.Build.0 = Debug|Any CPU
		{07D74AA8-8696-4458-8D28-E9051A85F016}.Release|Any CPU.ActiveCfg = Release|Any CPU
		{07D74AA8-8696-4458-8D28-E9051A85F016}.Release|Any CPU.Build.0 = Release|Any CPU
		{FD6211CC-32EB-44F9-ACDC-DA73AD0E84B8}.Debug|Any CPU.ActiveCfg = Debug|Any CPU
		{FD6211CC-32EB-44F9-ACDC-DA73AD0E84B8}.Debug|Any CPU.Build.0 = Debug|Any CPU
		{FD6211CC-32EB-44F9-ACDC-DA73AD0E84B8}.Release|Any CPU.ActiveCfg = Release|Any CPU
		{FD6211CC-32EB-44F9-ACDC-DA73AD0E84B8}.Release|Any CPU.Build.0 = Release|Any CPU
		{DD30F9A6-3C04-4488-9D13-6FEBF47937EF}.Debug|Any CPU.ActiveCfg = Debug|Any CPU
		{DD30F9A6-3C04-4488-9D13-6FEBF47937EF}.Debug|Any CPU.Build.0 = Debug|Any CPU
		{DD30F9A6-3C04-4488-9D13-6FEBF47937EF}.Release|Any CPU.ActiveCfg = Release|Any CPU
		{DD30F9A6-3C04-4488-9D13-6FEBF47937EF}.Release|Any CPU.Build.0 = Release|Any CPU
		{3314D76B-6F87-4D43-9EE9-DA875DA03A17}.Debug|Any CPU.ActiveCfg = Debug|Any CPU
		{3314D76B-6F87-4D43-9EE9-DA875DA03A17}.Debug|Any CPU.Build.0 = Debug|Any CPU
		{3314D76B-6F87-4D43-9EE9-DA875DA03A17}.Release|Any CPU.ActiveCfg = Release|Any CPU
		{3314D76B-6F87-4D43-9EE9-DA875DA03A17}.Release|Any CPU.Build.0 = Release|Any CPU
		{658849E1-1830-40FD-B7C1-8F13531CAC37}.Debug|Any CPU.ActiveCfg = Debug|Any CPU
		{658849E1-1830-40FD-B7C1-8F13531CAC37}.Debug|Any CPU.Build.0 = Debug|Any CPU
		{658849E1-1830-40FD-B7C1-8F13531CAC37}.Release|Any CPU.ActiveCfg = Release|Any CPU
		{658849E1-1830-40FD-B7C1-8F13531CAC37}.Release|Any CPU.Build.0 = Release|Any CPU
		{9FD838BE-0552-4CA8-8587-4B22F9D18343}.Debug|Any CPU.ActiveCfg = Debug|Any CPU
		{9FD838BE-0552-4CA8-8587-4B22F9D18343}.Debug|Any CPU.Build.0 = Debug|Any CPU
		{9FD838BE-0552-4CA8-8587-4B22F9D18343}.Release|Any CPU.ActiveCfg = Release|Any CPU
		{9FD838BE-0552-4CA8-8587-4B22F9D18343}.Release|Any CPU.Build.0 = Release|Any CPU
		{BF7AAAE4-BE84-4D05-A3FE-57E527710425}.Debug|Any CPU.ActiveCfg = Debug|Any CPU
		{BF7AAAE4-BE84-4D05-A3FE-57E527710425}.Debug|Any CPU.Build.0 = Debug|Any CPU
		{BF7AAAE4-BE84-4D05-A3FE-57E527710425}.Release|Any CPU.ActiveCfg = Release|Any CPU
		{BF7AAAE4-BE84-4D05-A3FE-57E527710425}.Release|Any CPU.Build.0 = Release|Any CPU
		{445B97E5-083E-4444-A435-62A22E04C388}.Debug|Any CPU.ActiveCfg = Debug|Any CPU
		{445B97E5-083E-4444-A435-62A22E04C388}.Debug|Any CPU.Build.0 = Debug|Any CPU
		{445B97E5-083E-4444-A435-62A22E04C388}.Release|Any CPU.ActiveCfg = Release|Any CPU
		{445B97E5-083E-4444-A435-62A22E04C388}.Release|Any CPU.Build.0 = Release|Any CPU
		{000CC8AE-FB1A-43E2-87ED-880CF25151A8}.Debug|Any CPU.ActiveCfg = Debug|Any CPU
		{000CC8AE-FB1A-43E2-87ED-880CF25151A8}.Debug|Any CPU.Build.0 = Debug|Any CPU
		{000CC8AE-FB1A-43E2-87ED-880CF25151A8}.Release|Any CPU.ActiveCfg = Release|Any CPU
		{000CC8AE-FB1A-43E2-87ED-880CF25151A8}.Release|Any CPU.Build.0 = Release|Any CPU
		{A9177B27-5187-4B73-97D1-98E19C166E41}.Debug|Any CPU.ActiveCfg = Debug|Any CPU
		{A9177B27-5187-4B73-97D1-98E19C166E41}.Debug|Any CPU.Build.0 = Debug|Any CPU
		{A9177B27-5187-4B73-97D1-98E19C166E41}.Release|Any CPU.ActiveCfg = Release|Any CPU
		{A9177B27-5187-4B73-97D1-98E19C166E41}.Release|Any CPU.Build.0 = Release|Any CPU
	EndGlobalSection
EndGlobal
