
Microsoft Visual Studio Solution File, Format Version 12.00
# Visual Studio Version 17
VisualStudioVersion = 17.1.32319.34
MinimumVisualStudioVersion = 10.0.40219.1
Project("{FAE04EC0-301F-11D3-BF4B-00C04F79EFBC}") = "WebClient", "Client\WebClient\WebClient.csproj", "{946BCEB0-DA40-4427-B10F-CD4F7C5E8985}"
EndProject
Project("{2150E333-8FDC-42A3-9474-1A3956D46DE8}") = "Client", "Client", "{9F0680CB-1095-46FA-82EC-10BD94A80521}"
EndProject
Project("{2150E333-8FDC-42A3-9474-1A3956D46DE8}") = "Common", "Common", "{A919E932-FC11-42BB-8FB0-E549657ABFB4}"
EndProject
Project("{FAE04EC0-301F-11D3-BF4B-00C04F79EFBC}") = "Common", "Common\Common.csproj", "{C63844AC-F996-4831-8C48-5F3A45E6768A}"
EndProject
Project("{2150E333-8FDC-42A3-9474-1A3956D46DE8}") = "Gateway", "Gateway", "{AC18B56B-9DAB-4D73-A2F0-BB86EB3BED93}"
EndProject
Project("{FAE04EC0-301F-11D3-BF4B-00C04F79EFBC}") = "Gateway", "Gateway\Gateway.csproj", "{C514976E-F3D0-4C7B-AF02-F23896A54F12}"
EndProject
Project("{2150E333-8FDC-42A3-9474-1A3956D46DE8}") = "Services", "Services", "{20C29FE6-8C1B-4172-9544-BBEAAFBA39BF}"
EndProject
Project("{2150E333-8FDC-42A3-9474-1A3956D46DE8}") = "Identity", "Identity", "{B5B21D43-0801-46EA-8D7D-6C5C90849583}"
EndProject
Project("{FAE04EC0-301F-11D3-BF4B-00C04F79EFBC}") = "Identity.Api", "Identity\Identity.Api\Identity.Api.csproj", "{39172511-CB6D-4560-BEC7-926BE7327C56}"
EndProject
Project("{FAE04EC0-301F-11D3-BF4B-00C04F79EFBC}") = "Identity.Core", "Identity\Identity.Core\Identity.Core.csproj", "{474485F1-DFCC-4FD8-BDEC-7AECCE6D0A17}"
EndProject
Project("{2150E333-8FDC-42A3-9474-1A3956D46DE8}") = "Document", "Document", "{6BCFE4D2-BEA3-4A5B-A7FF-B74F01B7C53A}"
EndProject
Project("{2150E333-8FDC-42A3-9474-1A3956D46DE8}") = "ToDo", "ToDo", "{FC5B2450-B65A-4B20-AA68-EDA6D35D14D4}"
EndProject
Project("{2150E333-8FDC-42A3-9474-1A3956D46DE8}") = "Users", "Users", "{73399393-2471-42CD-9DD6-04B881414059}"
EndProject
Project("{2150E333-8FDC-42A3-9474-1A3956D46DE8}") = "Mail", "Mail", "{80A7DD65-723C-46CE-8C83-DFFD53E94BC6}"
EndProject
Project("{FAE04EC0-301F-11D3-BF4B-00C04F79EFBC}") = "Document.Api", "Document\Document.Api\Document.Api.csproj", "{8FF4F7B8-8F4D-4B50-9CBE-8D23088C38FD}"
EndProject
Project("{FAE04EC0-301F-11D3-BF4B-00C04F79EFBC}") = "Document.BusinessLogic", "Document\Document.BusinessLogic\Document.BusinessLogic.csproj", "{1829EBAF-1F2E-48C6-AB83-77AB3770DFE8}"
EndProject
Project("{FAE04EC0-301F-11D3-BF4B-00C04F79EFBC}") = "Document.DataAccess", "Document\Document.DataAccess\Document.DataAccess.csproj", "{245B70E9-BFE3-49A3-A8F9-36DC3E174003}"
EndProject
Project("{FAE04EC0-301F-11D3-BF4B-00C04F79EFBC}") = "Mail.BusinessLogic", "Mail\Mail.BusinessLogic\Mail.BusinessLogic.csproj", "{DD598950-E01A-4F36-93F3-A09C2F16BC0A}"
EndProject
Project("{FAE04EC0-301F-11D3-BF4B-00C04F79EFBC}") = "Mail.Api", "Mail\Mail.Api\Mail.Api.csproj", "{0B5BF976-8124-492A-9C61-75DD2E44C349}"
EndProject
Project("{FAE04EC0-301F-11D3-BF4B-00C04F79EFBC}") = "ToDo.Api", "ToDo\ToDo.Api\ToDo.Api.csproj", "{FA7A02C0-2CE3-4E44-98BA-3B2E784CE275}"
EndProject
Project("{FAE04EC0-301F-11D3-BF4B-00C04F79EFBC}") = "ToDo.BusinessLogic", "ToDo\ToDo.BusinessLogic\ToDo.BusinessLogic.csproj", "{DEE583DC-D5D0-49D7-9BBF-2BBB88EFD42C}"
EndProject
Project("{FAE04EC0-301F-11D3-BF4B-00C04F79EFBC}") = "ToDo.DataAccess", "ToDo\ToDo.DataAccess\ToDo.DataAccess.csproj", "{D9A20511-CCE8-42A3-8547-F9AFE7565D7F}"
EndProject
Project("{FAE04EC0-301F-11D3-BF4B-00C04F79EFBC}") = "Users.Api", "Users\Users.Api\Users.Api.csproj", "{29ACADB0-1E75-4910-AD8D-3AD08F02C449}"
EndProject
Project("{FAE04EC0-301F-11D3-BF4B-00C04F79EFBC}") = "Users.BusinessLogic", "Users\Users.BusinessLogic\Users.BusinessLogic.csproj", "{56966901-0B53-4738-9443-D375D39151F5}"
EndProject
Project("{FAE04EC0-301F-11D3-BF4B-00C04F79EFBC}") = "Users.DataAccess", "Users\Users.DataAccess\Users.DataAccess.csproj", "{6963F87E-0F41-4996-AF65-A97AF4F2DC94}"
EndProject
Global
	GlobalSection(SolutionConfigurationPlatforms) = preSolution
		Debug|Any CPU = Debug|Any CPU
		Release|Any CPU = Release|Any CPU
	EndGlobalSection
	GlobalSection(ProjectConfigurationPlatforms) = postSolution
		{946BCEB0-DA40-4427-B10F-CD4F7C5E8985}.Debug|Any CPU.ActiveCfg = Debug|Any CPU
		{946BCEB0-DA40-4427-B10F-CD4F7C5E8985}.Debug|Any CPU.Build.0 = Debug|Any CPU
		{946BCEB0-DA40-4427-B10F-CD4F7C5E8985}.Release|Any CPU.ActiveCfg = Release|Any CPU
		{946BCEB0-DA40-4427-B10F-CD4F7C5E8985}.Release|Any CPU.Build.0 = Release|Any CPU
		{C63844AC-F996-4831-8C48-5F3A45E6768A}.Debug|Any CPU.ActiveCfg = Debug|Any CPU
		{C63844AC-F996-4831-8C48-5F3A45E6768A}.Debug|Any CPU.Build.0 = Debug|Any CPU
		{C63844AC-F996-4831-8C48-5F3A45E6768A}.Release|Any CPU.ActiveCfg = Release|Any CPU
		{C63844AC-F996-4831-8C48-5F3A45E6768A}.Release|Any CPU.Build.0 = Release|Any CPU
		{C514976E-F3D0-4C7B-AF02-F23896A54F12}.Debug|Any CPU.ActiveCfg = Debug|Any CPU
		{C514976E-F3D0-4C7B-AF02-F23896A54F12}.Debug|Any CPU.Build.0 = Debug|Any CPU
		{C514976E-F3D0-4C7B-AF02-F23896A54F12}.Release|Any CPU.ActiveCfg = Release|Any CPU
		{C514976E-F3D0-4C7B-AF02-F23896A54F12}.Release|Any CPU.Build.0 = Release|Any CPU
		{39172511-CB6D-4560-BEC7-926BE7327C56}.Debug|Any CPU.ActiveCfg = Debug|Any CPU
		{39172511-CB6D-4560-BEC7-926BE7327C56}.Debug|Any CPU.Build.0 = Debug|Any CPU
		{39172511-CB6D-4560-BEC7-926BE7327C56}.Release|Any CPU.ActiveCfg = Release|Any CPU
		{39172511-CB6D-4560-BEC7-926BE7327C56}.Release|Any CPU.Build.0 = Release|Any CPU
		{474485F1-DFCC-4FD8-BDEC-7AECCE6D0A17}.Debug|Any CPU.ActiveCfg = Debug|Any CPU
		{474485F1-DFCC-4FD8-BDEC-7AECCE6D0A17}.Debug|Any CPU.Build.0 = Debug|Any CPU
		{474485F1-DFCC-4FD8-BDEC-7AECCE6D0A17}.Release|Any CPU.ActiveCfg = Release|Any CPU
		{474485F1-DFCC-4FD8-BDEC-7AECCE6D0A17}.Release|Any CPU.Build.0 = Release|Any CPU
		{8FF4F7B8-8F4D-4B50-9CBE-8D23088C38FD}.Debug|Any CPU.ActiveCfg = Debug|Any CPU
		{8FF4F7B8-8F4D-4B50-9CBE-8D23088C38FD}.Debug|Any CPU.Build.0 = Debug|Any CPU
		{8FF4F7B8-8F4D-4B50-9CBE-8D23088C38FD}.Release|Any CPU.ActiveCfg = Release|Any CPU
		{8FF4F7B8-8F4D-4B50-9CBE-8D23088C38FD}.Release|Any CPU.Build.0 = Release|Any CPU
		{1829EBAF-1F2E-48C6-AB83-77AB3770DFE8}.Debug|Any CPU.ActiveCfg = Debug|Any CPU
		{1829EBAF-1F2E-48C6-AB83-77AB3770DFE8}.Debug|Any CPU.Build.0 = Debug|Any CPU
		{1829EBAF-1F2E-48C6-AB83-77AB3770DFE8}.Release|Any CPU.ActiveCfg = Release|Any CPU
		{1829EBAF-1F2E-48C6-AB83-77AB3770DFE8}.Release|Any CPU.Build.0 = Release|Any CPU
		{245B70E9-BFE3-49A3-A8F9-36DC3E174003}.Debug|Any CPU.ActiveCfg = Debug|Any CPU
		{245B70E9-BFE3-49A3-A8F9-36DC3E174003}.Debug|Any CPU.Build.0 = Debug|Any CPU
		{245B70E9-BFE3-49A3-A8F9-36DC3E174003}.Release|Any CPU.ActiveCfg = Release|Any CPU
		{245B70E9-BFE3-49A3-A8F9-36DC3E174003}.Release|Any CPU.Build.0 = Release|Any CPU
		{DD598950-E01A-4F36-93F3-A09C2F16BC0A}.Debug|Any CPU.ActiveCfg = Debug|Any CPU
		{DD598950-E01A-4F36-93F3-A09C2F16BC0A}.Debug|Any CPU.Build.0 = Debug|Any CPU
		{DD598950-E01A-4F36-93F3-A09C2F16BC0A}.Release|Any CPU.ActiveCfg = Release|Any CPU
		{DD598950-E01A-4F36-93F3-A09C2F16BC0A}.Release|Any CPU.Build.0 = Release|Any CPU
		{0B5BF976-8124-492A-9C61-75DD2E44C349}.Debug|Any CPU.ActiveCfg = Debug|Any CPU
		{0B5BF976-8124-492A-9C61-75DD2E44C349}.Debug|Any CPU.Build.0 = Debug|Any CPU
		{0B5BF976-8124-492A-9C61-75DD2E44C349}.Release|Any CPU.ActiveCfg = Release|Any CPU
		{0B5BF976-8124-492A-9C61-75DD2E44C349}.Release|Any CPU.Build.0 = Release|Any CPU
		{FA7A02C0-2CE3-4E44-98BA-3B2E784CE275}.Debug|Any CPU.ActiveCfg = Debug|Any CPU
		{FA7A02C0-2CE3-4E44-98BA-3B2E784CE275}.Debug|Any CPU.Build.0 = Debug|Any CPU
		{FA7A02C0-2CE3-4E44-98BA-3B2E784CE275}.Release|Any CPU.ActiveCfg = Release|Any CPU
		{FA7A02C0-2CE3-4E44-98BA-3B2E784CE275}.Release|Any CPU.Build.0 = Release|Any CPU
		{DEE583DC-D5D0-49D7-9BBF-2BBB88EFD42C}.Debug|Any CPU.ActiveCfg = Debug|Any CPU
		{DEE583DC-D5D0-49D7-9BBF-2BBB88EFD42C}.Debug|Any CPU.Build.0 = Debug|Any CPU
		{DEE583DC-D5D0-49D7-9BBF-2BBB88EFD42C}.Release|Any CPU.ActiveCfg = Release|Any CPU
		{DEE583DC-D5D0-49D7-9BBF-2BBB88EFD42C}.Release|Any CPU.Build.0 = Release|Any CPU
		{D9A20511-CCE8-42A3-8547-F9AFE7565D7F}.Debug|Any CPU.ActiveCfg = Debug|Any CPU
		{D9A20511-CCE8-42A3-8547-F9AFE7565D7F}.Debug|Any CPU.Build.0 = Debug|Any CPU
		{D9A20511-CCE8-42A3-8547-F9AFE7565D7F}.Release|Any CPU.ActiveCfg = Release|Any CPU
		{D9A20511-CCE8-42A3-8547-F9AFE7565D7F}.Release|Any CPU.Build.0 = Release|Any CPU
		{29ACADB0-1E75-4910-AD8D-3AD08F02C449}.Debug|Any CPU.ActiveCfg = Debug|Any CPU
		{29ACADB0-1E75-4910-AD8D-3AD08F02C449}.Debug|Any CPU.Build.0 = Debug|Any CPU
		{29ACADB0-1E75-4910-AD8D-3AD08F02C449}.Release|Any CPU.ActiveCfg = Release|Any CPU
		{29ACADB0-1E75-4910-AD8D-3AD08F02C449}.Release|Any CPU.Build.0 = Release|Any CPU
		{56966901-0B53-4738-9443-D375D39151F5}.Debug|Any CPU.ActiveCfg = Debug|Any CPU
		{56966901-0B53-4738-9443-D375D39151F5}.Debug|Any CPU.Build.0 = Debug|Any CPU
		{56966901-0B53-4738-9443-D375D39151F5}.Release|Any CPU.ActiveCfg = Release|Any CPU
		{56966901-0B53-4738-9443-D375D39151F5}.Release|Any CPU.Build.0 = Release|Any CPU
		{6963F87E-0F41-4996-AF65-A97AF4F2DC94}.Debug|Any CPU.ActiveCfg = Debug|Any CPU
		{6963F87E-0F41-4996-AF65-A97AF4F2DC94}.Debug|Any CPU.Build.0 = Debug|Any CPU
		{6963F87E-0F41-4996-AF65-A97AF4F2DC94}.Release|Any CPU.ActiveCfg = Release|Any CPU
		{6963F87E-0F41-4996-AF65-A97AF4F2DC94}.Release|Any CPU.Build.0 = Release|Any CPU
	EndGlobalSection
	GlobalSection(SolutionProperties) = preSolution
		HideSolutionNode = FALSE
	EndGlobalSection
	GlobalSection(NestedProjects) = preSolution
		{946BCEB0-DA40-4427-B10F-CD4F7C5E8985} = {9F0680CB-1095-46FA-82EC-10BD94A80521}
		{C63844AC-F996-4831-8C48-5F3A45E6768A} = {A919E932-FC11-42BB-8FB0-E549657ABFB4}
		{C514976E-F3D0-4C7B-AF02-F23896A54F12} = {AC18B56B-9DAB-4D73-A2F0-BB86EB3BED93}
		{B5B21D43-0801-46EA-8D7D-6C5C90849583} = {20C29FE6-8C1B-4172-9544-BBEAAFBA39BF}
		{39172511-CB6D-4560-BEC7-926BE7327C56} = {B5B21D43-0801-46EA-8D7D-6C5C90849583}
		{474485F1-DFCC-4FD8-BDEC-7AECCE6D0A17} = {B5B21D43-0801-46EA-8D7D-6C5C90849583}
		{6BCFE4D2-BEA3-4A5B-A7FF-B74F01B7C53A} = {20C29FE6-8C1B-4172-9544-BBEAAFBA39BF}
		{FC5B2450-B65A-4B20-AA68-EDA6D35D14D4} = {20C29FE6-8C1B-4172-9544-BBEAAFBA39BF}
		{73399393-2471-42CD-9DD6-04B881414059} = {20C29FE6-8C1B-4172-9544-BBEAAFBA39BF}
		{80A7DD65-723C-46CE-8C83-DFFD53E94BC6} = {20C29FE6-8C1B-4172-9544-BBEAAFBA39BF}
		{8FF4F7B8-8F4D-4B50-9CBE-8D23088C38FD} = {6BCFE4D2-BEA3-4A5B-A7FF-B74F01B7C53A}
		{1829EBAF-1F2E-48C6-AB83-77AB3770DFE8} = {6BCFE4D2-BEA3-4A5B-A7FF-B74F01B7C53A}
		{245B70E9-BFE3-49A3-A8F9-36DC3E174003} = {6BCFE4D2-BEA3-4A5B-A7FF-B74F01B7C53A}
		{DD598950-E01A-4F36-93F3-A09C2F16BC0A} = {80A7DD65-723C-46CE-8C83-DFFD53E94BC6}
		{0B5BF976-8124-492A-9C61-75DD2E44C349} = {80A7DD65-723C-46CE-8C83-DFFD53E94BC6}
		{FA7A02C0-2CE3-4E44-98BA-3B2E784CE275} = {FC5B2450-B65A-4B20-AA68-EDA6D35D14D4}
		{DEE583DC-D5D0-49D7-9BBF-2BBB88EFD42C} = {FC5B2450-B65A-4B20-AA68-EDA6D35D14D4}
		{D9A20511-CCE8-42A3-8547-F9AFE7565D7F} = {FC5B2450-B65A-4B20-AA68-EDA6D35D14D4}
		{29ACADB0-1E75-4910-AD8D-3AD08F02C449} = {73399393-2471-42CD-9DD6-04B881414059}
		{56966901-0B53-4738-9443-D375D39151F5} = {73399393-2471-42CD-9DD6-04B881414059}
		{6963F87E-0F41-4996-AF65-A97AF4F2DC94} = {73399393-2471-42CD-9DD6-04B881414059}
	EndGlobalSection
	GlobalSection(ExtensibilityGlobals) = postSolution
		SolutionGuid = {80232B37-E0F0-4333-890D-26DA9CC2ECFC}
	EndGlobalSection
EndGlobal
